// !$*UTF8*$!
{
	archiveVersion = 1;
	classes = {
	};
	objectVersion = 46;
	objects = {

/* Begin PBXBuildFile section */
		99648AEF19416D7200DA39A3 /* Foundation.framework in Frameworks */ = {isa = PBXBuildFile; fileRef = 99648AEE19416D7200DA39A3 /* Foundation.framework */; };
		99648AF119416D7200DA39A3 /* CoreGraphics.framework in Frameworks */ = {isa = PBXBuildFile; fileRef = 99648AF019416D7200DA39A3 /* CoreGraphics.framework */; };
		99648AF319416D7200DA39A3 /* UIKit.framework in Frameworks */ = {isa = PBXBuildFile; fileRef = 99648AF219416D7200DA39A3 /* UIKit.framework */; };
		99648AF919416D7200DA39A3 /* InfoPlist.strings in Resources */ = {isa = PBXBuildFile; fileRef = 99648AF719416D7200DA39A3 /* InfoPlist.strings */; };
		99648AFB19416D7200DA39A3 /* main.m in Sources */ = {isa = PBXBuildFile; fileRef = 99648AFA19416D7200DA39A3 /* main.m */; };
		99648AFF19416D7200DA39A3 /* TLSAppDelegate.m in Sources */ = {isa = PBXBuildFile; fileRef = 99648AFE19416D7200DA39A3 /* TLSAppDelegate.m */; };
		99648B0219416D7200DA39A3 /* Main.storyboard in Resources */ = {isa = PBXBuildFile; fileRef = 99648B0019416D7200DA39A3 /* Main.storyboard */; };
		99648B0519416D7200DA39A3 /* TLSViewController.m in Sources */ = {isa = PBXBuildFile; fileRef = 99648B0419416D7200DA39A3 /* TLSViewController.m */; };
		99648B0719416D7200DA39A3 /* Images.xcassets in Resources */ = {isa = PBXBuildFile; fileRef = 99648B0619416D7200DA39A3 /* Images.xcassets */; };
		99648B0E19416D7200DA39A3 /* XCTest.framework in Frameworks */ = {isa = PBXBuildFile; fileRef = 99648B0D19416D7200DA39A3 /* XCTest.framework */; };
		99648B0F19416D7200DA39A3 /* Foundation.framework in Frameworks */ = {isa = PBXBuildFile; fileRef = 99648AEE19416D7200DA39A3 /* Foundation.framework */; };
		99648B1019416D7200DA39A3 /* UIKit.framework in Frameworks */ = {isa = PBXBuildFile; fileRef = 99648AF219416D7200DA39A3 /* UIKit.framework */; };
		99648B1819416D7300DA39A3 /* InfoPlist.strings in Resources */ = {isa = PBXBuildFile; fileRef = 99648B1619416D7200DA39A3 /* InfoPlist.strings */; };
		99648B1A19416D7300DA39A3 /* Test_GitTests.m in Sources */ = {isa = PBXBuildFile; fileRef = 99648B1919416D7300DA39A3 /* Test_GitTests.m */; };
		99648B25195284AE00DA39A3 /* TLSCommitClass.m in Sources */ = {isa = PBXBuildFile; fileRef = 99648B24195284AE00DA39A3 /* TLSCommitClass.m */; };
/* End PBXBuildFile section */

/* Begin PBXContainerItemProxy section */
		99648B1119416D7200DA39A3 /* PBXContainerItemProxy */ = {
			isa = PBXContainerItemProxy;
			containerPortal = 99648AE319416D7200DA39A3 /* Project object */;
			proxyType = 1;
			remoteGlobalIDString = 99648AEA19416D7200DA39A3;
			remoteInfo = "Test Git";
		};
/* End PBXContainerItemProxy section */

/* Begin PBXFileReference section */
		99648AEB19416D7200DA39A3 /* Test Git.app */ = {isa = PBXFileReference; explicitFileType = wrapper.application; includeInIndex = 0; path = "Test Git.app"; sourceTree = BUILT_PRODUCTS_DIR; };
		99648AEE19416D7200DA39A3 /* Foundation.framework */ = {isa = PBXFileReference; lastKnownFileType = wrapper.framework; name = Foundation.framework; path = System/Library/Frameworks/Foundation.framework; sourceTree = SDKROOT; };
		99648AF019416D7200DA39A3 /* CoreGraphics.framework */ = {isa = PBXFileReference; lastKnownFileType = wrapper.framework; name = CoreGraphics.framework; path = System/Library/Frameworks/CoreGraphics.framework; sourceTree = SDKROOT; };
		99648AF219416D7200DA39A3 /* UIKit.framework */ = {isa = PBXFileReference; lastKnownFileType = wrapper.framework; name = UIKit.framework; path = System/Library/Frameworks/UIKit.framework; sourceTree = SDKROOT; };
		99648AF619416D7200DA39A3 /* Test Git-Info.plist */ = {isa = PBXFileReference; lastKnownFileType = text.plist.xml; path = "Test Git-Info.plist"; sourceTree = "<group>"; };
		99648AF819416D7200DA39A3 /* en */ = {isa = PBXFileReference; lastKnownFileType = text.plist.strings; name = en; path = en.lproj/InfoPlist.strings; sourceTree = "<group>"; };
		99648AFA19416D7200DA39A3 /* main.m */ = {isa = PBXFileReference; lastKnownFileType = sourcecode.c.objc; path = main.m; sourceTree = "<group>"; };
		99648AFC19416D7200DA39A3 /* Test Git-Prefix.pch */ = {isa = PBXFileReference; lastKnownFileType = sourcecode.c.h; path = "Test Git-Prefix.pch"; sourceTree = "<group>"; };
		99648AFD19416D7200DA39A3 /* TLSAppDelegate.h */ = {isa = PBXFileReference; lastKnownFileType = sourcecode.c.h; path = TLSAppDelegate.h; sourceTree = "<group>"; };
		99648AFE19416D7200DA39A3 /* TLSAppDelegate.m */ = {isa = PBXFileReference; lastKnownFileType = sourcecode.c.objc; path = TLSAppDelegate.m; sourceTree = "<group>"; };
		99648B0119416D7200DA39A3 /* Base */ = {isa = PBXFileReference; lastKnownFileType = file.storyboard; name = Base; path = Base.lproj/Main.storyboard; sourceTree = "<group>"; };
		99648B0319416D7200DA39A3 /* TLSViewController.h */ = {isa = PBXFileReference; lastKnownFileType = sourcecode.c.h; path = TLSViewController.h; sourceTree = "<group>"; };
		99648B0419416D7200DA39A3 /* TLSViewController.m */ = {isa = PBXFileReference; lastKnownFileType = sourcecode.c.objc; path = TLSViewController.m; sourceTree = "<group>"; };
		99648B0619416D7200DA39A3 /* Images.xcassets */ = {isa = PBXFileReference; lastKnownFileType = folder.assetcatalog; path = Images.xcassets; sourceTree = "<group>"; };
		99648B0C19416D7200DA39A3 /* Test GitTests.xctest */ = {isa = PBXFileReference; explicitFileType = wrapper.cfbundle; includeInIndex = 0; path = "Test GitTests.xctest"; sourceTree = BUILT_PRODUCTS_DIR; };
		99648B0D19416D7200DA39A3 /* XCTest.framework */ = {isa = PBXFileReference; lastKnownFileType = wrapper.framework; name = XCTest.framework; path = Library/Frameworks/XCTest.framework; sourceTree = DEVELOPER_DIR; };
		99648B1519416D7200DA39A3 /* Test GitTests-Info.plist */ = {isa = PBXFileReference; lastKnownFileType = text.plist.xml; path = "Test GitTests-Info.plist"; sourceTree = "<group>"; };
		99648B1719416D7200DA39A3 /* en */ = {isa = PBXFileReference; lastKnownFileType = text.plist.strings; name = en; path = en.lproj/InfoPlist.strings; sourceTree = "<group>"; };
		99648B1919416D7300DA39A3 /* Test_GitTests.m */ = {isa = PBXFileReference; lastKnownFileType = sourcecode.c.objc; path = Test_GitTests.m; sourceTree = "<group>"; };
		99648B23195284AE00DA39A3 /* TLSCommitClass.h */ = {isa = PBXFileReference; fileEncoding = 4; lastKnownFileType = sourcecode.c.h; path = TLSCommitClass.h; sourceTree = "<group>"; };
		99648B24195284AE00DA39A3 /* TLSCommitClass.m */ = {isa = PBXFileReference; fileEncoding = 4; lastKnownFileType = sourcecode.c.objc; path = TLSCommitClass.m; sourceTree = "<group>"; };
/* End PBXFileReference section */

/* Begin PBXFrameworksBuildPhase section */
		99648AE819416D7200DA39A3 /* Frameworks */ = {
			isa = PBXFrameworksBuildPhase;
			buildActionMask = 2147483647;
			files = (
				99648AF119416D7200DA39A3 /* CoreGraphics.framework in Frameworks */,
				99648AF319416D7200DA39A3 /* UIKit.framework in Frameworks */,
				99648AEF19416D7200DA39A3 /* Foundation.framework in Frameworks */,
			);
			runOnlyForDeploymentPostprocessing = 0;
		};
		99648B0919416D7200DA39A3 /* Frameworks */ = {
			isa = PBXFrameworksBuildPhase;
			buildActionMask = 2147483647;
			files = (
				99648B0E19416D7200DA39A3 /* XCTest.framework in Frameworks */,
				99648B1019416D7200DA39A3 /* UIKit.framework in Frameworks */,
				99648B0F19416D7200DA39A3 /* Foundation.framework in Frameworks */,
			);
			runOnlyForDeploymentPostprocessing = 0;
		};
/* End PBXFrameworksBuildPhase section */

/* Begin PBXGroup section */
		99648AE219416D7200DA39A3 = {
			isa = PBXGroup;
			children = (
				99648AF419416D7200DA39A3 /* Test Git */,
				99648B1319416D7200DA39A3 /* Test GitTests */,
				99648AED19416D7200DA39A3 /* Frameworks */,
				99648AEC19416D7200DA39A3 /* Products */,
			);
			sourceTree = "<group>";
		};
		99648AEC19416D7200DA39A3 /* Products */ = {
			isa = PBXGroup;
			children = (
				99648AEB19416D7200DA39A3 /* Test Git.app */,
				99648B0C19416D7200DA39A3 /* Test GitTests.xctest */,
			);
			name = Products;
			sourceTree = "<group>";
		};
		99648AED19416D7200DA39A3 /* Frameworks */ = {
			isa = PBXGroup;
			children = (
				99648AEE19416D7200DA39A3 /* Foundation.framework */,
				99648AF019416D7200DA39A3 /* CoreGraphics.framework */,
				99648AF219416D7200DA39A3 /* UIKit.framework */,
				99648B0D19416D7200DA39A3 /* XCTest.framework */,
			);
			name = Frameworks;
			sourceTree = "<group>";
		};
		99648AF419416D7200DA39A3 /* Test Git */ = {
			isa = PBXGroup;
			children = (
				99648AFD19416D7200DA39A3 /* TLSAppDelegate.h */,
				99648AFE19416D7200DA39A3 /* TLSAppDelegate.m */,
				99648B0019416D7200DA39A3 /* Main.storyboard */,
				99648B0319416D7200DA39A3 /* TLSViewController.h */,
				99648B0419416D7200DA39A3 /* TLSViewController.m */,
				99648B0619416D7200DA39A3 /* Images.xcassets */,
				99648AF519416D7200DA39A3 /* Supporting Files */,
				99648B23195284AE00DA39A3 /* TLSCommitClass.h */,
				99648B24195284AE00DA39A3 /* TLSCommitClass.m */,
			);
			path = "Test Git";
			sourceTree = "<group>";
		};
		99648AF519416D7200DA39A3 /* Supporting Files */ = {
			isa = PBXGroup;
			children = (
				99648AF619416D7200DA39A3 /* Test Git-Info.plist */,
				99648AF719416D7200DA39A3 /* InfoPlist.strings */,
				99648AFA19416D7200DA39A3 /* main.m */,
				99648AFC19416D7200DA39A3 /* Test Git-Prefix.pch */,
			);
			name = "Supporting Files";
			sourceTree = "<group>";
		};
		99648B1319416D7200DA39A3 /* Test GitTests */ = {
			isa = PBXGroup;
			children = (
				99648B1919416D7300DA39A3 /* Test_GitTests.m */,
				99648B1419416D7200DA39A3 /* Supporting Files */,
			);
			path = "Test GitTests";
			sourceTree = "<group>";
		};
		99648B1419416D7200DA39A3 /* Supporting Files */ = {
			isa = PBXGroup;
			children = (
				99648B1519416D7200DA39A3 /* Test GitTests-Info.plist */,
				99648B1619416D7200DA39A3 /* InfoPlist.strings */,
			);
			name = "Supporting Files";
			sourceTree = "<group>";
		};
/* End PBXGroup section */

/* Begin PBXNativeTarget section */
		99648AEA19416D7200DA39A3 /* Test Git */ = {
			isa = PBXNativeTarget;
			buildConfigurationList = 99648B1D19416D7300DA39A3 /* Build configuration list for PBXNativeTarget "Test Git" */;
			buildPhases = (
				99648AE719416D7200DA39A3 /* Sources */,
				99648AE819416D7200DA39A3 /* Frameworks */,
				99648AE919416D7200DA39A3 /* Resources */,
			);
			buildRules = (
			);
			dependencies = (
			);
			name = "Test Git";
			productName = "Test Git";
			productReference = 99648AEB19416D7200DA39A3 /* Test Git.app */;
			productType = "com.apple.product-type.application";
		};
		99648B0B19416D7200DA39A3 /* Test GitTests */ = {
			isa = PBXNativeTarget;
			buildConfigurationList = 99648B2019416D7300DA39A3 /* Build configuration list for PBXNativeTarget "Test GitTests" */;
			buildPhases = (
				99648B0819416D7200DA39A3 /* Sources */,
				99648B0919416D7200DA39A3 /* Frameworks */,
				99648B0A19416D7200DA39A3 /* Resources */,
			);
			buildRules = (
			);
			dependencies = (
				99648B1219416D7200DA39A3 /* PBXTargetDependency */,
			);
			name = "Test GitTests";
			productName = "Test GitTests";
			productReference = 99648B0C19416D7200DA39A3 /* Test GitTests.xctest */;
			productType = "com.apple.product-type.bundle.unit-test";
		};
/* End PBXNativeTarget section */

/* Begin PBXProject section */
		99648AE319416D7200DA39A3 /* Project object */ = {
			isa = PBXProject;
			attributes = {
				CLASSPREFIX = TLS;
				LastUpgradeCheck = 0510;
				ORGANIZATIONNAME = "TimeLine Soft";
				TargetAttributes = {
					99648B0B19416D7200DA39A3 = {
						TestTargetID = 99648AEA19416D7200DA39A3;
					};
				};
			};
			buildConfigurationList = 99648AE619416D7200DA39A3 /* Build configuration list for PBXProject "Test Git" */;
			compatibilityVersion = "Xcode 3.2";
			developmentRegion = English;
			hasScannedForEncodings = 0;
			knownRegions = (
				en,
				Base,
			);
			mainGroup = 99648AE219416D7200DA39A3;
			productRefGroup = 99648AEC19416D7200DA39A3 /* Products */;
			projectDirPath = "";
			projectRoot = "";
			targets = (
				99648AEA19416D7200DA39A3 /* Test Git */,
				99648B0B19416D7200DA39A3 /* Test GitTests */,
			);
		};
/* End PBXProject section */

/* Begin PBXResourcesBuildPhase section */
		99648AE919416D7200DA39A3 /* Resources */ = {
			isa = PBXResourcesBuildPhase;
			buildActionMask = 2147483647;
			files = (
				99648B0719416D7200DA39A3 /* Images.xcassets in Resources */,
				99648AF919416D7200DA39A3 /* InfoPlist.strings in Resources */,
				99648B0219416D7200DA39A3 /* Main.storyboard in Resources */,
			);
			runOnlyForDeploymentPostprocessing = 0;
		};
		99648B0A19416D7200DA39A3 /* Resources */ = {
			isa = PBXResourcesBuildPhase;
			buildActionMask = 2147483647;
			files = (
				99648B1819416D7300DA39A3 /* InfoPlist.strings in Resources */,
			);
			runOnlyForDeploymentPostprocessing = 0;
		};
/* End PBXResourcesBuildPhase section */

/* Begin PBXSourcesBuildPhase section */
		99648AE719416D7200DA39A3 /* Sources */ = {
			isa = PBXSourcesBuildPhase;
			buildActionMask = 2147483647;
			files = (
				99648B0519416D7200DA39A3 /* TLSViewController.m in Sources */,
				99648B25195284AE00DA39A3 /* TLSCommitClass.m in Sources */,
				99648AFF19416D7200DA39A3 /* TLSAppDelegate.m in Sources */,
				99648AFB19416D7200DA39A3 /* main.m in Sources */,
			);
			runOnlyForDeploymentPostprocessing = 0;
		};
		99648B0819416D7200DA39A3 /* Sources */ = {
			isa = PBXSourcesBuildPhase;
			buildActionMask = 2147483647;
			files = (
				99648B1A19416D7300DA39A3 /* Test_GitTests.m in Sources */,
			);
			runOnlyForDeploymentPostprocessing = 0;
		};
/* End PBXSourcesBuildPhase section */

/* Begin PBXTargetDependency section */
		99648B1219416D7200DA39A3 /* PBXTargetDependency */ = {
			isa = PBXTargetDependency;
			target = 99648AEA19416D7200DA39A3 /* Test Git */;
			targetProxy = 99648B1119416D7200DA39A3 /* PBXContainerItemProxy */;
		};
/* End PBXTargetDependency section */

/* Begin PBXVariantGroup section */
		99648AF719416D7200DA39A3 /* InfoPlist.strings */ = {
			isa = PBXVariantGroup;
			children = (
				99648AF819416D7200DA39A3 /* en */,
			);
			name = InfoPlist.strings;
			sourceTree = "<group>";
		};
		99648B0019416D7200DA39A3 /* Main.storyboard */ = {
			isa = PBXVariantGroup;
			children = (
				99648B0119416D7200DA39A3 /* Base */,
			);
			name = Main.storyboard;
			sourceTree = "<group>";
		};
		99648B1619416D7200DA39A3 /* InfoPlist.strings */ = {
			isa = PBXVariantGroup;
			children = (
				99648B1719416D7200DA39A3 /* en */,
			);
			name = InfoPlist.strings;
			sourceTree = "<group>";
		};
/* End PBXVariantGroup section */

/* Begin XCBuildConfiguration section */
		99648B1B19416D7300DA39A3 /* Debug */ = {
			isa = XCBuildConfiguration;
			buildSettings = {
				ALWAYS_SEARCH_USER_PATHS = NO;
				CLANG_CXX_LANGUAGE_STANDARD = "gnu++0x";
				CLANG_CXX_LIBRARY = "libc++";
				CLANG_ENABLE_MODULES = YES;
				CLANG_ENABLE_OBJC_ARC = YES;
				CLANG_WARN_BOOL_CONVERSION = YES;
				CLANG_WARN_CONSTANT_CONVERSION = YES;
				CLANG_WARN_DIRECT_OBJC_ISA_USAGE = YES_ERROR;
				CLANG_WARN_EMPTY_BODY = YES;
				CLANG_WARN_ENUM_CONVERSION = YES;
				CLANG_WARN_INT_CONVERSION = YES;
				CLANG_WARN_OBJC_ROOT_CLASS = YES_ERROR;
				CLANG_WARN__DUPLICATE_METHOD_MATCH = YES;
				"CODE_SIGN_IDENTITY[sdk=iphoneos*]" = "iPhone Developer";
				COPY_PHASE_STRIP = NO;
				GCC_C_LANGUAGE_STANDARD = gnu99;
				GCC_DYNAMIC_NO_PIC = NO;
				GCC_OPTIMIZATION_LEVEL = 0;
				GCC_PREPROCESSOR_DEFINITIONS = (
					"DEBUG=1",
					"$(inherited)",
				);
				GCC_SYMBOLS_PRIVATE_EXTERN = NO;
				GCC_WARN_64_TO_32_BIT_CONVERSION = YES;
				GCC_WARN_ABOUT_RETURN_TYPE = YES_ERROR;
				GCC_WARN_UNDECLARED_SELECTOR = YES;
				GCC_WARN_UNINITIALIZED_AUTOS = YES_AGGRESSIVE;
				GCC_WARN_UNUSED_FUNCTION = YES;
				GCC_WARN_UNUSED_VARIABLE = YES;
				IPHONEOS_DEPLOYMENT_TARGET = 7.1;
				ONLY_ACTIVE_ARCH = YES;
				SDKROOT = iphoneos;
			};
			name = Debug;
		};
		99648B1C19416D7300DA39A3 /* Release */ = {
			isa = XCBuildConfiguration;
			buildSettings = {
				ALWAYS_SEARCH_USER_PATHS = NO;
				CLANG_CXX_LANGUAGE_STANDARD = "gnu++0x";
				CLANG_CXX_LIBRARY = "libc++";
				CLANG_ENABLE_MODULES = YES;
				CLANG_ENABLE_OBJC_ARC = YES;
				CLANG_WARN_BOOL_CONVERSION = YES;
				CLANG_WARN_CONSTANT_CONVERSION = YES;
				CLANG_WARN_DIRECT_OBJC_ISA_USAGE = YES_ERROR;
				CLANG_WARN_EMPTY_BODY = YES;
				CLANG_WARN_ENUM_CONVERSION = YES;
				CLANG_WARN_INT_CONVERSION = YES;
				CLANG_WARN_OBJC_ROOT_CLASS = YES_ERROR;
				CLANG_WARN__DUPLICATE_METHOD_MATCH = YES;
				"CODE_SIGN_IDENTITY[sdk=iphoneos*]" = "iPhone Developer";
				COPY_PHASE_STRIP = YES;
				ENABLE_NS_ASSERTIONS = NO;
				GCC_C_LANGUAGE_STANDARD = gnu99;
				GCC_WARN_64_TO_32_BIT_CONVERSION = YES;
				GCC_WARN_ABOUT_RETURN_TYPE = YES_ERROR;
				GCC_WARN_UNDECLARED_SELECTOR = YES;
				GCC_WARN_UNINITIALIZED_AUTOS = YES_AGGRESSIVE;
				GCC_WARN_UNUSED_FUNCTION = YES;
				GCC_WARN_UNUSED_VARIABLE = YES;
				IPHONEOS_DEPLOYMENT_TARGET = 7.1;
				SDKROOT = iphoneos;
				VALIDATE_PRODUCT = YES;
			};
			name = Release;
		};
		99648B1E19416D7300DA39A3 /* Debug */ = {
			isa = XCBuildConfiguration;
			buildSettings = {
				ASSETCATALOG_COMPILER_APPICON_NAME = AppIcon;
				ASSETCATALOG_COMPILER_LAUNCHIMAGE_NAME = LaunchImage;
				GCC_PRECOMPILE_PREFIX_HEADER = YES;
				GCC_PREFIX_HEADER = "Test Git/Test Git-Prefix.pch";
				INFOPLIST_FILE = "Test Git/Test Git-Info.plist";
				PRODUCT_NAME = "$(TARGET_NAME)";
				WRAPPER_EXTENSION = app;
			};
			name = Debug;
		};
		99648B1F19416D7300DA39A3 /* Release */ = {
			isa = XCBuildConfiguration;
			buildSettings = {
				ASSETCATALOG_COMPILER_APPICON_NAME = AppIcon;
				ASSETCATALOG_COMPILER_LAUNCHIMAGE_NAME = LaunchImage;
				GCC_PRECOMPILE_PREFIX_HEADER = YES;
				GCC_PREFIX_HEADER = "Test Git/Test Git-Prefix.pch";
				INFOPLIST_FILE = "Test Git/Test Git-Info.plist";
				PRODUCT_NAME = "$(TARGET_NAME)";
				WRAPPER_EXTENSION = app;
			};
			name = Release;
		};
		99648B2119416D7300DA39A3 /* Debug */ = {
			isa = XCBuildConfiguration;
			buildSettings = {
				BUNDLE_LOADER = "$(BUILT_PRODUCTS_DIR)/Test Git.app/Test Git";
				FRAMEWORK_SEARCH_PATHS = (
					"$(SDKROOT)/Developer/Library/Frameworks",
					"$(inherited)",
					"$(DEVELOPER_FRAMEWORKS_DIR)",
				);
				GCC_PRECOMPILE_PREFIX_HEADER = YES;
				GCC_PREFIX_HEADER = "Test Git/Test Git-Prefix.pch";
				GCC_PREPROCESSOR_DEFINITIONS = (
					"DEBUG=1",
					"$(inherited)",
				);
				INFOPLIST_FILE = "Test GitTests/Test GitTests-Info.plist";
				PRODUCT_NAME = "$(TARGET_NAME)";
				TEST_HOST = "$(BUNDLE_LOADER)";
				WRAPPER_EXTENSION = xctest;
			};
			name = Debug;
		};
		99648B2219416D7300DA39A3 /* Release */ = {
			isa = XCBuildConfiguration;
			buildSettings = {
				BUNDLE_LOADER = "$(BUILT_PRODUCTS_DIR)/Test Git.app/Test Git";
				FRAMEWORK_SEARCH_PATHS = (
					"$(SDKROOT)/Developer/Library/Frameworks",
					"$(inherited)",
					"$(DEVELOPER_FRAMEWORKS_DIR)",
				);
				GCC_PRECOMPILE_PREFIX_HEADER = YES;
				GCC_PREFIX_HEADER = "Test Git/Test Git-Prefix.pch";
				INFOPLIST_FILE = "Test GitTests/Test GitTests-Info.plist";
				PRODUCT_NAME = "$(TARGET_NAME)";
				TEST_HOST = "$(BUNDLE_LOADER)";
				WRAPPER_EXTENSION = xctest;
			};
			name = Release;
		};
/* End XCBuildConfiguration section */

/* Begin XCConfigurationList section */
		99648AE619416D7200DA39A3 /* Build configuration list for PBXProject "Test Git" */ = {
			isa = XCConfigurationList;
			buildConfigurations = (
				99648B1B19416D7300DA39A3 /* Debug */,
				99648B1C19416D7300DA39A3 /* Release */,
			);
			defaultConfigurationIsVisible = 0;
			defaultConfigurationName = Release;
		};
		99648B1D19416D7300DA39A3 /* Build configuration list for PBXNativeTarget "Test Git" */ = {
			isa = XCConfigurationList;
			buildConfigurations = (
				99648B1E19416D7300DA39A3 /* Debug */,
				99648B1F19416D7300DA39A3 /* Release */,
			);
			defaultConfigurationIsVisible = 0;
		};
		99648B2019416D7300DA39A3 /* Build configuration list for PBXNativeTarget "Test GitTests" */ = {
			isa = XCConfigurationList;
			buildConfigurations = (
				99648B2119416D7300DA39A3 /* Debug */,
				99648B2219416D7300DA39A3 /* Release */,
			);
			defaultConfigurationIsVisible = 0;
		};
/* End XCConfigurationList section */
	};
	rootObject = 99648AE319416D7200DA39A3 /* Project object */;
}
